NeoBundleLock ctrlp.vim 7f74368d85bb521951dd58123349ce66b947d058
NeoBundleLock neobundle.vim 673be4ea1a6c77f5815ffe0738ef12b89f64f66e
NeoBundleLock powerline 7ed55bb25c8d9ab3f96d63e83d11772c2fd07c9e
NeoBundleLock screen 226f2927908718bec0bc959873dce847ed7ee5d1
NeoBundleLock ultisnips 0657e61e61abdeeb98013629eabda7248c72cf0d
NeoBundleLock vim-airline d7fd8ca649e441b3865551a325b10504cdf0711b
NeoBundleLock vim-colorschemes 28a989b28457e38df620e4c7ab23e224aff70efe
NeoBundleLock vim-fugitive 9835920a3c91236021fc8c88cc4157304e24356b
NeoBundleLock vim-php-dictionary 6baaf3000e829b1db6083a4a773053729bb57bf4
NeoBundleLock vimshell 3787e52766812d8b99a93ccdda57517bc2a0bab6
